// !$*UTF8*$!
{
	archiveVersion = 1;
	classes = {
	};
	objectVersion = 50;
	objects = {

/* Begin PBXBuildFile section */
		4DAE6F9CCD6EC384C026976B /* Pods_MemoryMatchingTests.framework in Frameworks */ = {isa = PBXBuildFile; fileRef = 4B53898E610B04595988C909 /* Pods_MemoryMatchingTests.framework */; };
		A2A741DD80570577F4C41023 /* Pods_MemoryMatching.framework in Frameworks */ = {isa = PBXBuildFile; fileRef = 1A29EA83FD9703A79E40DC9F /* Pods_MemoryMatching.framework */; };
		CDBC000023359F630058F258 /* UIViewController+Extensions.swift in Sources */ = {isa = PBXBuildFile; fileRef = CDBCFFFF23359F630058F258 /* UIViewController+Extensions.swift */; };
		CDBC000223359FE20058F258 /* GameContainerViewController.swift in Sources */ = {isa = PBXBuildFile; fileRef = CDBC000123359FE20058F258 /* GameContainerViewController.swift */; };
		CDBC00042335A0340058F258 /* LoadingViewController.swift in Sources */ = {isa = PBXBuildFile; fileRef = CDBC00032335A0340058F258 /* LoadingViewController.swift */; };
		CDBC00062336D1720058F258 /* GameFinishedViewController.swift in Sources */ = {isa = PBXBuildFile; fileRef = CDBC00052336D1720058F258 /* GameFinishedViewController.swift */; };
		CDBCFFCF2332CECE0058F258 /* AppDelegate.swift in Sources */ = {isa = PBXBuildFile; fileRef = CDBCFFCE2332CECE0058F258 /* AppDelegate.swift */; };
		CDBCFFD62332CED20058F258 /* Assets.xcassets in Resources */ = {isa = PBXBuildFile; fileRef = CDBCFFD52332CED20058F258 /* Assets.xcassets */; };
		CDBCFFD92332CED20058F258 /* LaunchScreen.storyboard in Resources */ = {isa = PBXBuildFile; fileRef = CDBCFFD72332CED20058F258 /* LaunchScreen.storyboard */; };
		CDBCFFE42332CED20058F258 /* MemoryMatchingTests.swift in Sources */ = {isa = PBXBuildFile; fileRef = CDBCFFE32332CED20058F258 /* MemoryMatchingTests.swift */; };
		CDBCFFEF2332E2700058F258 /* EntityManager.swift in Sources */ = {isa = PBXBuildFile; fileRef = CDBCFFEE2332E2700058F258 /* EntityManager.swift */; };
		CDBCFFF42332E4F50058F258 /* APIService.swift in Sources */ = {isa = PBXBuildFile; fileRef = CDBCFFF32332E4F50058F258 /* APIService.swift */; };
		CDBCFFF62332E9F90058F258 /* Result.swift in Sources */ = {isa = PBXBuildFile; fileRef = CDBCFFF52332E9F90058F258 /* Result.swift */; };
		CDBCFFFA2332EE8E0058F258 /* Card.swift in Sources */ = {isa = PBXBuildFile; fileRef = CDBCFFF92332EE8E0058F258 /* Card.swift */; };
		CDBCFFFC233325600058F258 /* CardsCollectionViewController.swift in Sources */ = {isa = PBXBuildFile; fileRef = CDBCFFFB233325600058F258 /* CardsCollectionViewController.swift */; };
		CDBCFFFE233326170058F258 /* CardCollectionViewCell.swift in Sources */ = {isa = PBXBuildFile; fileRef = CDBCFFFD233326170058F258 /* CardCollectionViewCell.swift */; };
/* End PBXBuildFile section */

/* Begin PBXContainerItemProxy section */
		CDBCFFE02332CED20058F258 /* PBXContainerItemProxy */ = {
			isa = PBXContainerItemProxy;
			containerPortal = CDBCFFC32332CECE0058F258 /* Project object */;
			proxyType = 1;
			remoteGlobalIDString = CDBCFFCA2332CECE0058F258;
			remoteInfo = MemoryMatching;
		};
/* End PBXContainerItemProxy section */

/* Begin PBXFileReference section */
		00CBA3EA63183148A045630F /* Pods-MemoryMatching.debug.xcconfig */ = {isa = PBXFileReference; includeInIndex = 1; lastKnownFileType = text.xcconfig; name = "Pods-MemoryMatching.debug.xcconfig"; path = "Pods/Target Support Files/Pods-MemoryMatching/Pods-MemoryMatching.debug.xcconfig"; sourceTree = "<group>"; };
		1A29EA83FD9703A79E40DC9F /* Pods_MemoryMatching.framework */ = {isa = PBXFileReference; explicitFileType = wrapper.framework; includeInIndex = 0; path = Pods_MemoryMatching.framework; sourceTree = BUILT_PRODUCTS_DIR; };
		4B53898E610B04595988C909 /* Pods_MemoryMatchingTests.framework */ = {isa = PBXFileReference; explicitFileType = wrapper.framework; includeInIndex = 0; path = Pods_MemoryMatchingTests.framework; sourceTree = BUILT_PRODUCTS_DIR; };
		6B08B669A626C1E08DDB7415 /* Pods-MemoryMatching.release.xcconfig */ = {isa = PBXFileReference; includeInIndex = 1; lastKnownFileType = text.xcconfig; name = "Pods-MemoryMatching.release.xcconfig"; path = "Pods/Target Support Files/Pods-MemoryMatching/Pods-MemoryMatching.release.xcconfig"; sourceTree = "<group>"; };
		86BF7DCC8029956A002EE9E2 /* Pods-MemoryMatchingTests.release.xcconfig */ = {isa = PBXFileReference; includeInIndex = 1; lastKnownFileType = text.xcconfig; name = "Pods-MemoryMatchingTests.release.xcconfig"; path = "Pods/Target Support Files/Pods-MemoryMatchingTests/Pods-MemoryMatchingTests.release.xcconfig"; sourceTree = "<group>"; };
		A584FE9A4C7C33815743AF11 /* Pods-MemoryMatchingTests.debug.xcconfig */ = {isa = PBXFileReference; includeInIndex = 1; lastKnownFileType = text.xcconfig; name = "Pods-MemoryMatchingTests.debug.xcconfig"; path = "Pods/Target Support Files/Pods-MemoryMatchingTests/Pods-MemoryMatchingTests.debug.xcconfig"; sourceTree = "<group>"; };
		CDBC000123359FE20058F258 /* GameContainerViewController.swift */ = {isa = PBXFileReference; lastKnownFileType = sourcecode.swift; path = GameContainerViewController.swift; sourceTree = "<group>"; };
		CDBC00032335A0340058F258 /* LoadingViewController.swift */ = {isa = PBXFileReference; lastKnownFileType = sourcecode.swift; path = LoadingViewController.swift; sourceTree = "<group>"; };
		CDBC00052336D1720058F258 /* GameFinishedViewController.swift */ = {isa = PBXFileReference; lastKnownFileType = sourcecode.swift; path = GameFinishedViewController.swift; sourceTree = "<group>"; };
		CDBCFFCB2332CECE0058F258 /* MemoryMatching.app */ = {isa = PBXFileReference; explicitFileType = wrapper.application; includeInIndex = 0; path = MemoryMatching.app; sourceTree = BUILT_PRODUCTS_DIR; };
		CDBCFFCE2332CECE0058F258 /* AppDelegate.swift */ = {isa = PBXFileReference; lastKnownFileType = sourcecode.swift; path = AppDelegate.swift; sourceTree = "<group>"; };
		CDBCFFD52332CED20058F258 /* Assets.xcassets */ = {isa = PBXFileReference; lastKnownFileType = folder.assetcatalog; path = Assets.xcassets; sourceTree = "<group>"; };
		CDBCFFD82332CED20058F258 /* Base */ = {isa = PBXFileReference; lastKnownFileType = file.storyboard; name = Base; path = Base.lproj/LaunchScreen.storyboard; sourceTree = "<group>"; };
		CDBCFFDA2332CED20058F258 /* Info.plist */ = {isa = PBXFileReference; lastKnownFileType = text.plist.xml; path = Info.plist; sourceTree = "<group>"; };
		CDBCFFDF2332CED20058F258 /* MemoryMatchingTests.xctest */ = {isa = PBXFileReference; explicitFileType = wrapper.cfbundle; includeInIndex = 0; path = MemoryMatchingTests.xctest; sourceTree = BUILT_PRODUCTS_DIR; };
		CDBCFFE32332CED20058F258 /* MemoryMatchingTests.swift */ = {isa = PBXFileReference; lastKnownFileType = sourcecode.swift; path = MemoryMatchingTests.swift; sourceTree = "<group>"; };
		CDBCFFE52332CED20058F258 /* Info.plist */ = {isa = PBXFileReference; lastKnownFileType = text.plist.xml; path = Info.plist; sourceTree = "<group>"; };
		CDBCFFEE2332E2700058F258 /* EntityManager.swift */ = {isa = PBXFileReference; lastKnownFileType = sourcecode.swift; path = EntityManager.swift; sourceTree = "<group>"; };
		CDBCFFF32332E4F50058F258 /* APIService.swift */ = {isa = PBXFileReference; lastKnownFileType = sourcecode.swift; path = APIService.swift; sourceTree = "<group>"; };
		CDBCFFF52332E9F90058F258 /* Result.swift */ = {isa = PBXFileReference; lastKnownFileType = sourcecode.swift; path = Result.swift; sourceTree = "<group>"; };
		CDBCFFF92332EE8E0058F258 /* Card.swift */ = {isa = PBXFileReference; lastKnownFileType = sourcecode.swift; path = Card.swift; sourceTree = "<group>"; };
		CDBCFFFB233325600058F258 /* CardsCollectionViewController.swift */ = {isa = PBXFileReference; lastKnownFileType = sourcecode.swift; path = CardsCollectionViewController.swift; sourceTree = "<group>"; };
		CDBCFFFD233326170058F258 /* CardCollectionViewCell.swift */ = {isa = PBXFileReference; lastKnownFileType = sourcecode.swift; path = CardCollectionViewCell.swift; sourceTree = "<group>"; };
		CDBCFFFF23359F630058F258 /* UIViewController+Extensions.swift */ = {isa = PBXFileReference; lastKnownFileType = sourcecode.swift; path = "UIViewController+Extensions.swift"; sourceTree = "<group>"; };
/* End PBXFileReference section */

/* Begin PBXFrameworksBuildPhase section */
		CDBCFFC82332CECE0058F258 /* Frameworks */ = {
			isa = PBXFrameworksBuildPhase;
			buildActionMask = 2147483647;
			files = (
				A2A741DD80570577F4C41023 /* Pods_MemoryMatching.framework in Frameworks */,
			);
			runOnlyForDeploymentPostprocessing = 0;
		};
		CDBCFFDC2332CED20058F258 /* Frameworks */ = {
			isa = PBXFrameworksBuildPhase;
			buildActionMask = 2147483647;
			files = (
				4DAE6F9CCD6EC384C026976B /* Pods_MemoryMatchingTests.framework in Frameworks */,
			);
			runOnlyForDeploymentPostprocessing = 0;
		};
/* End PBXFrameworksBuildPhase section */

/* Begin PBXGroup section */
		01DA0591EA89B7A03401964D /* Frameworks */ = {
			isa = PBXGroup;
			children = (
				1A29EA83FD9703A79E40DC9F /* Pods_MemoryMatching.framework */,
				4B53898E610B04595988C909 /* Pods_MemoryMatchingTests.framework */,
			);
			name = Frameworks;
			sourceTree = "<group>";
		};
		7930404B780B770FD6B323EC /* Pods */ = {
			isa = PBXGroup;
			children = (
				00CBA3EA63183148A045630F /* Pods-MemoryMatching.debug.xcconfig */,
				6B08B669A626C1E08DDB7415 /* Pods-MemoryMatching.release.xcconfig */,
				A584FE9A4C7C33815743AF11 /* Pods-MemoryMatchingTests.debug.xcconfig */,
				86BF7DCC8029956A002EE9E2 /* Pods-MemoryMatchingTests.release.xcconfig */,
			);
			name = Pods;
			sourceTree = "<group>";
		};
		CDBC00092336F81F0058F258 /* Extensions */ = {
			isa = PBXGroup;
			children = (
				CDBCFFFF23359F630058F258 /* UIViewController+Extensions.swift */,
			);
			path = Extensions;
			sourceTree = "<group>";
		};
		CDBCFFC22332CECE0058F258 = {
			isa = PBXGroup;
			children = (
				CDBCFFCD2332CECE0058F258 /* MemoryMatching */,
				CDBCFFE22332CED20058F258 /* MemoryMatchingTests */,
				CDBCFFCC2332CECE0058F258 /* Products */,
				7930404B780B770FD6B323EC /* Pods */,
				01DA0591EA89B7A03401964D /* Frameworks */,
			);
			sourceTree = "<group>";
		};
		CDBCFFCC2332CECE0058F258 /* Products */ = {
			isa = PBXGroup;
			children = (
				CDBCFFCB2332CECE0058F258 /* MemoryMatching.app */,
				CDBCFFDF2332CED20058F258 /* MemoryMatchingTests.xctest */,
			);
			name = Products;
			sourceTree = "<group>";
		};
		CDBCFFCD2332CECE0058F258 /* MemoryMatching */ = {
			isa = PBXGroup;
			children = (
				CDBCFFF82332EE7B0058F258 /* Models */,
				CDBCFFF72332EE6E0058F258 /* Views */,
				CDBCFFF22332E4100058F258 /* Managers */,
				CDBC00092336F81F0058F258 /* Extensions */,
				CDBCFFD52332CED20058F258 /* Assets.xcassets */,
				CDBCFFCE2332CECE0058F258 /* AppDelegate.swift */,
				CDBCFFD72332CED20058F258 /* LaunchScreen.storyboard */,
				CDBCFFDA2332CED20058F258 /* Info.plist */,
			);
			path = MemoryMatching;
			sourceTree = "<group>";
		};
		CDBCFFE22332CED20058F258 /* MemoryMatchingTests */ = {
			isa = PBXGroup;
			children = (
				CDBCFFE32332CED20058F258 /* MemoryMatchingTests.swift */,
				CDBCFFE52332CED20058F258 /* Info.plist */,
			);
			path = MemoryMatchingTests;
			sourceTree = "<group>";
		};
		CDBCFFF22332E4100058F258 /* Managers */ = {
			isa = PBXGroup;
			children = (
				CDBCFFEE2332E2700058F258 /* EntityManager.swift */,
				CDBCFFF32332E4F50058F258 /* APIService.swift */,
				CDBCFFF52332E9F90058F258 /* Result.swift */,
			);
			path = Managers;
			sourceTree = "<group>";
		};
		CDBCFFF72332EE6E0058F258 /* Views */ = {
			isa = PBXGroup;
			children = (
				CDBC000123359FE20058F258 /* GameContainerViewController.swift */,
				CDBCFFFB233325600058F258 /* CardsCollectionViewController.swift */,
				CDBCFFFD233326170058F258 /* CardCollectionViewCell.swift */,
				CDBC00032335A0340058F258 /* LoadingViewController.swift */,
				CDBC00052336D1720058F258 /* GameFinishedViewController.swift */,
			);
			path = Views;
			sourceTree = "<group>";
		};
		CDBCFFF82332EE7B0058F258 /* Models */ = {
			isa = PBXGroup;
			children = (
				CDBCFFF92332EE8E0058F258 /* Card.swift */,
			);
			path = Models;
			sourceTree = "<group>";
		};
/* End PBXGroup section */

/* Begin PBXNativeTarget section */
		CDBCFFCA2332CECE0058F258 /* MemoryMatching */ = {
			isa = PBXNativeTarget;
			buildConfigurationList = CDBCFFE82332CED20058F258 /* Build configuration list for PBXNativeTarget "MemoryMatching" */;
			buildPhases = (
				DA6B833C7E731A6040E3EC52 /* [CP] Check Pods Manifest.lock */,
				CDBCFFC72332CECE0058F258 /* Sources */,
				CDBCFFC82332CECE0058F258 /* Frameworks */,
				CDBCFFC92332CECE0058F258 /* Resources */,
				BCE8B6792032EE0F1E2111EB /* [CP] Embed Pods Frameworks */,
			);
			buildRules = (
			);
			dependencies = (
			);
			name = MemoryMatching;
			productName = MemoryMatching;
			productReference = CDBCFFCB2332CECE0058F258 /* MemoryMatching.app */;
			productType = "com.apple.product-type.application";
		};
		CDBCFFDE2332CED20058F258 /* MemoryMatchingTests */ = {
			isa = PBXNativeTarget;
			buildConfigurationList = CDBCFFEB2332CED20058F258 /* Build configuration list for PBXNativeTarget "MemoryMatchingTests" */;
			buildPhases = (
				AAD2DDCFE6BAF67A79D407B4 /* [CP] Check Pods Manifest.lock */,
				CDBCFFDB2332CED20058F258 /* Sources */,
				CDBCFFDC2332CED20058F258 /* Frameworks */,
				CDBCFFDD2332CED20058F258 /* Resources */,
			);
			buildRules = (
			);
			dependencies = (
				CDBCFFE12332CED20058F258 /* PBXTargetDependency */,
			);
			name = MemoryMatchingTests;
			productName = MemoryMatchingTests;
			productReference = CDBCFFDF2332CED20058F258 /* MemoryMatchingTests.xctest */;
			productType = "com.apple.product-type.bundle.unit-test";
		};
/* End PBXNativeTarget section */

/* Begin PBXProject section */
		CDBCFFC32332CECE0058F258 /* Project object */ = {
			isa = PBXProject;
			attributes = {
				LastSwiftUpdateCheck = 1010;
				LastUpgradeCheck = 1010;
				ORGANIZATIONNAME = "June Ha";
				TargetAttributes = {
					CDBCFFCA2332CECE0058F258 = {
						CreatedOnToolsVersion = 10.1;
					};
					CDBCFFDE2332CED20058F258 = {
						CreatedOnToolsVersion = 10.1;
						TestTargetID = CDBCFFCA2332CECE0058F258;
					};
				};
			};
			buildConfigurationList = CDBCFFC62332CECE0058F258 /* Build configuration list for PBXProject "MemoryMatching" */;
			compatibilityVersion = "Xcode 9.3";
			developmentRegion = en;
			hasScannedForEncodings = 0;
			knownRegions = (
				en,
				Base,
			);
			mainGroup = CDBCFFC22332CECE0058F258;
			productRefGroup = CDBCFFCC2332CECE0058F258 /* Products */;
			projectDirPath = "";
			projectRoot = "";
			targets = (
				CDBCFFCA2332CECE0058F258 /* MemoryMatching */,
				CDBCFFDE2332CED20058F258 /* MemoryMatchingTests */,
			);
		};
/* End PBXProject section */

/* Begin PBXResourcesBuildPhase section */
		CDBCFFC92332CECE0058F258 /* Resources */ = {
			isa = PBXResourcesBuildPhase;
			buildActionMask = 2147483647;
			files = (
				CDBCFFD92332CED20058F258 /* LaunchScreen.storyboard in Resources */,
				CDBCFFD62332CED20058F258 /* Assets.xcassets in Resources */,
			);
			runOnlyForDeploymentPostprocessing = 0;
		};
		CDBCFFDD2332CED20058F258 /* Resources */ = {
			isa = PBXResourcesBuildPhase;
			buildActionMask = 2147483647;
			files = (
			);
			runOnlyForDeploymentPostprocessing = 0;
		};
/* End PBXResourcesBuildPhase section */

/* Begin PBXShellScriptBuildPhase section */
		AAD2DDCFE6BAF67A79D407B4 /* [CP] Check Pods Manifest.lock */ = {
			isa = PBXShellScriptBuildPhase;
			buildActionMask = 2147483647;
			files = (
			);
			inputFileListPaths = (
			);
			inputPaths = (
				"${PODS_PODFILE_DIR_PATH}/Podfile.lock",
				"${PODS_ROOT}/Manifest.lock",
			);
			name = "[CP] Check Pods Manifest.lock";
			outputFileListPaths = (
			);
			outputPaths = (
				"$(DERIVED_FILE_DIR)/Pods-MemoryMatchingTests-checkManifestLockResult.txt",
			);
			runOnlyForDeploymentPostprocessing = 0;
			shellPath = /bin/sh;
			shellScript = "diff \"${PODS_PODFILE_DIR_PATH}/Podfile.lock\" \"${PODS_ROOT}/Manifest.lock\" > /dev/null\nif [ $? != 0 ] ; then\n    # print error to STDERR\n    echo \"error: The sandbox is not in sync with the Podfile.lock. Run 'pod install' or update your CocoaPods installation.\" >&2\n    exit 1\nfi\n# This output is used by Xcode 'outputs' to avoid re-running this script phase.\necho \"SUCCESS\" > \"${SCRIPT_OUTPUT_FILE_0}\"\n";
			showEnvVarsInLog = 0;
		};
		BCE8B6792032EE0F1E2111EB /* [CP] Embed Pods Frameworks */ = {
			isa = PBXShellScriptBuildPhase;
			buildActionMask = 2147483647;
			files = (
			);
			inputFileListPaths = (
			);
			inputPaths = (
				"${SRCROOT}/Pods/Target Support Files/Pods-MemoryMatching/Pods-MemoryMatching-frameworks.sh",
				"${BUILT_PRODUCTS_DIR}/SDWebImage/SDWebImage.framework",
				"${BUILT_PRODUCTS_DIR}/SnapKit/SnapKit.framework",
			);
			name = "[CP] Embed Pods Frameworks";
			outputFileListPaths = (
			);
			outputPaths = (
				"${TARGET_BUILD_DIR}/${FRAMEWORKS_FOLDER_PATH}/SDWebImage.framework",
				"${TARGET_BUILD_DIR}/${FRAMEWORKS_FOLDER_PATH}/SnapKit.framework",
			);
			runOnlyForDeploymentPostprocessing = 0;
			shellPath = /bin/sh;
			shellScript = "\"${SRCROOT}/Pods/Target Support Files/Pods-MemoryMatching/Pods-MemoryMatching-frameworks.sh\"\n";
			showEnvVarsInLog = 0;
		};
		DA6B833C7E731A6040E3EC52 /* [CP] Check Pods Manifest.lock */ = {
			isa = PBXShellScriptBuildPhase;
			buildActionMask = 2147483647;
			files = (
			);
			inputFileListPaths = (
			);
			inputPaths = (
				"${PODS_PODFILE_DIR_PATH}/Podfile.lock",
				"${PODS_ROOT}/Manifest.lock",
			);
			name = "[CP] Check Pods Manifest.lock";
			outputFileListPaths = (
			);
			outputPaths = (
				"$(DERIVED_FILE_DIR)/Pods-MemoryMatching-checkManifestLockResult.txt",
			);
			runOnlyForDeploymentPostprocessing = 0;
			shellPath = /bin/sh;
			shellScript = "diff \"${PODS_PODFILE_DIR_PATH}/Podfile.lock\" \"${PODS_ROOT}/Manifest.lock\" > /dev/null\nif [ $? != 0 ] ; then\n    # print error to STDERR\n    echo \"error: The sandbox is not in sync with the Podfile.lock. Run 'pod install' or update your CocoaPods installation.\" >&2\n    exit 1\nfi\n# This output is used by Xcode 'outputs' to avoid re-running this script phase.\necho \"SUCCESS\" > \"${SCRIPT_OUTPUT_FILE_0}\"\n";
			showEnvVarsInLog = 0;
		};
/* End PBXShellScriptBuildPhase section */

/* Begin PBXSourcesBuildPhase section */
		CDBCFFC72332CECE0058F258 /* Sources */ = {
			isa = PBXSourcesBuildPhase;
			buildActionMask = 2147483647;
			files = (
				CDBCFFFA2332EE8E0058F258 /* Card.swift in Sources */,
				CDBCFFF62332E9F90058F258 /* Result.swift in Sources */,
				CDBCFFCF2332CECE0058F258 /* AppDelegate.swift in Sources */,
				CDBC00062336D1720058F258 /* GameFinishedViewController.swift in Sources */,
				CDBC000223359FE20058F258 /* GameContainerViewController.swift in Sources */,
				CDBCFFF42332E4F50058F258 /* APIService.swift in Sources */,
				CDBC000023359F630058F258 /* UIViewController+Extensions.swift in Sources */,
				CDBCFFFE233326170058F258 /* CardCollectionViewCell.swift in Sources */,
				CDBC00042335A0340058F258 /* LoadingViewController.swift in Sources */,
				CDBCFFFC233325600058F258 /* CardsCollectionViewController.swift in Sources */,
				CDBCFFEF2332E2700058F258 /* EntityManager.swift in Sources */,
			);
			runOnlyForDeploymentPostprocessing = 0;
		};
		CDBCFFDB2332CED20058F258 /* Sources */ = {
			isa = PBXSourcesBuildPhase;
			buildActionMask = 2147483647;
			files = (
				CDBCFFE42332CED20058F258 /* MemoryMatchingTests.swift in Sources */,
			);
			runOnlyForDeploymentPostprocessing = 0;
		};
/* End PBXSourcesBuildPhase section */

/* Begin PBXTargetDependency section */
		CDBCFFE12332CED20058F258 /* PBXTargetDependency */ = {
			isa = PBXTargetDependency;
			target = CDBCFFCA2332CECE0058F258 /* MemoryMatching */;
			targetProxy = CDBCFFE02332CED20058F258 /* PBXContainerItemProxy */;
		};
/* End PBXTargetDependency section */

/* Begin PBXVariantGroup section */
		CDBCFFD72332CED20058F258 /* LaunchScreen.storyboard */ = {
			isa = PBXVariantGroup;
			children = (
				CDBCFFD82332CED20058F258 /* Base */,
			);
			name = LaunchScreen.storyboard;
			sourceTree = "<group>";
		};
/* End PBXVariantGroup section */

/* Begin XCBuildConfiguration section */
		CDBCFFE62332CED20058F258 /* Debug */ = {
			isa = XCBuildConfiguration;
			buildSettings = {
				ALWAYS_SEARCH_USER_PATHS = NO;
				CLANG_ANALYZER_NONNULL = YES;
				CLANG_ANALYZER_NUMBER_OBJECT_CONVERSION = YES_AGGRESSIVE;
				CLANG_CXX_LANGUAGE_STANDARD = "gnu++14";
				CLANG_CXX_LIBRARY = "libc++";
				CLANG_ENABLE_MODULES = YES;
				CLANG_ENABLE_OBJC_ARC = YES;
				CLANG_ENABLE_OBJC_WEAK = YES;
				CLANG_WARN_BLOCK_CAPTURE_AUTORELEASING = YES;
				CLANG_WARN_BOOL_CONVERSION = YES;
				CLANG_WARN_COMMA = YES;
				CLANG_WARN_CONSTANT_CONVERSION = YES;
				CLANG_WARN_DEPRECATED_OBJC_IMPLEMENTATIONS = YES;
				CLANG_WARN_DIRECT_OBJC_ISA_USAGE = YES_ERROR;
				CLANG_WARN_DOCUMENTATION_COMMENTS = YES;
				CLANG_WARN_EMPTY_BODY = YES;
				CLANG_WARN_ENUM_CONVERSION = YES;
				CLANG_WARN_INFINITE_RECURSION = YES;
				CLANG_WARN_INT_CONVERSION = YES;
				CLANG_WARN_NON_LITERAL_NULL_CONVERSION = YES;
				CLANG_WARN_OBJC_IMPLICIT_RETAIN_SELF = YES;
				CLANG_WARN_OBJC_LITERAL_CONVERSION = YES;
				CLANG_WARN_OBJC_ROOT_CLASS = YES_ERROR;
				CLANG_WARN_RANGE_LOOP_ANALYSIS = YES;
				CLANG_WARN_STRICT_PROTOTYPES = YES;
				CLANG_WARN_SUSPICIOUS_MOVE = YES;
				CLANG_WARN_UNGUARDED_AVAILABILITY = YES_AGGRESSIVE;
				CLANG_WARN_UNREACHABLE_CODE = YES;
				CLANG_WARN__DUPLICATE_METHOD_MATCH = YES;
				CODE_SIGN_IDENTITY = "iPhone Developer";
				COPY_PHASE_STRIP = NO;
				DEBUG_INFORMATION_FORMAT = dwarf;
				ENABLE_STRICT_OBJC_MSGSEND = YES;
				ENABLE_TESTABILITY = YES;
				GCC_C_LANGUAGE_STANDARD = gnu11;
				GCC_DYNAMIC_NO_PIC = NO;
				GCC_NO_COMMON_BLOCKS = YES;
				GCC_OPTIMIZATION_LEVEL = 0;
				GCC_PREPROCESSOR_DEFINITIONS = (
					"DEBUG=1",
					"$(inherited)",
				);
				GCC_WARN_64_TO_32_BIT_CONVERSION = YES;
				GCC_WARN_ABOUT_RETURN_TYPE = YES_ERROR;
				GCC_WARN_UNDECLARED_SELECTOR = YES;
				GCC_WARN_UNINITIALIZED_AUTOS = YES_AGGRESSIVE;
				GCC_WARN_UNUSED_FUNCTION = YES;
				GCC_WARN_UNUSED_VARIABLE = YES;
				IPHONEOS_DEPLOYMENT_TARGET = 12.1;
				MTL_ENABLE_DEBUG_INFO = INCLUDE_SOURCE;
				MTL_FAST_MATH = YES;
				ONLY_ACTIVE_ARCH = YES;
				SDKROOT = iphoneos;
				SWIFT_ACTIVE_COMPILATION_CONDITIONS = DEBUG;
				SWIFT_OPTIMIZATION_LEVEL = "-Onone";
			};
			name = Debug;
		};
		CDBCFFE72332CED20058F258 /* Release */ = {
			isa = XCBuildConfiguration;
			buildSettings = {
				ALWAYS_SEARCH_USER_PATHS = NO;
				CLANG_ANALYZER_NONNULL = YES;
				CLANG_ANALYZER_NUMBER_OBJECT_CONVERSION = YES_AGGRESSIVE;
				CLANG_CXX_LANGUAGE_STANDARD = "gnu++14";
				CLANG_CXX_LIBRARY = "libc++";
				CLANG_ENABLE_MODULES = YES;
				CLANG_ENABLE_OBJC_ARC = YES;
				CLANG_ENABLE_OBJC_WEAK = YES;
				CLANG_WARN_BLOCK_CAPTURE_AUTORELEASING = YES;
				CLANG_WARN_BOOL_CONVERSION = YES;
				CLANG_WARN_COMMA = YES;
				CLANG_WARN_CONSTANT_CONVERSION = YES;
				CLANG_WARN_DEPRECATED_OBJC_IMPLEMENTATIONS = YES;
				CLANG_WARN_DIRECT_OBJC_ISA_USAGE = YES_ERROR;
				CLANG_WARN_DOCUMENTATION_COMMENTS = YES;
				CLANG_WARN_EMPTY_BODY = YES;
				CLANG_WARN_ENUM_CONVERSION = YES;
				CLANG_WARN_INFINITE_RECURSION = YES;
				CLANG_WARN_INT_CONVERSION = YES;
				CLANG_WARN_NON_LITERAL_NULL_CONVERSION = YES;
				CLANG_WARN_OBJC_IMPLICIT_RETAIN_SELF = YES;
				CLANG_WARN_OBJC_LITERAL_CONVERSION = YES;
				CLANG_WARN_OBJC_ROOT_CLASS = YES_ERROR;
				CLANG_WARN_RANGE_LOOP_ANALYSIS = YES;
				CLANG_WARN_STRICT_PROTOTYPES = YES;
				CLANG_WARN_SUSPICIOUS_MOVE = YES;
				CLANG_WARN_UNGUARDED_AVAILABILITY = YES_AGGRESSIVE;
				CLANG_WARN_UNREACHABLE_CODE = YES;
				CLANG_WARN__DUPLICATE_METHOD_MATCH = YES;
				CODE_SIGN_IDENTITY = "iPhone Developer";
				COPY_PHASE_STRIP = NO;
				DEBUG_INFORMATION_FORMAT = "dwarf-with-dsym";
				ENABLE_NS_ASSERTIONS = NO;
				ENABLE_STRICT_OBJC_MSGSEND = YES;
				GCC_C_LANGUAGE_STANDARD = gnu11;
				GCC_NO_COMMON_BLOCKS = YES;
				GCC_WARN_64_TO_32_BIT_CONVERSION = YES;
				GCC_WARN_ABOUT_RETURN_TYPE = YES_ERROR;
				GCC_WARN_UNDECLARED_SELECTOR = YES;
				GCC_WARN_UNINITIALIZED_AUTOS = YES_AGGRESSIVE;
				GCC_WARN_UNUSED_FUNCTION = YES;
				GCC_WARN_UNUSED_VARIABLE = YES;
				IPHONEOS_DEPLOYMENT_TARGET = 12.1;
				MTL_ENABLE_DEBUG_INFO = NO;
				MTL_FAST_MATH = YES;
				SDKROOT = iphoneos;
				SWIFT_COMPILATION_MODE = wholemodule;
				SWIFT_OPTIMIZATION_LEVEL = "-O";
				VALIDATE_PRODUCT = YES;
			};
			name = Release;
		};
		CDBCFFE92332CED20058F258 /* Debug */ = {
			isa = XCBuildConfiguration;
			baseConfigurationReference = 00CBA3EA63183148A045630F /* Pods-MemoryMatching.debug.xcconfig */;
			buildSettings = {
				ASSETCATALOG_COMPILER_APPICON_NAME = AppIcon;
				CODE_SIGN_STYLE = Automatic;
				DEVELOPMENT_TEAM = 7937NG5F6A;
				INFOPLIST_FILE = MemoryMatching/Info.plist;
				LD_RUNPATH_SEARCH_PATHS = (
					"$(inherited)",
					"@executable_path/Frameworks",
				);
				PRODUCT_BUNDLE_IDENTIFIER = com.juneha.MemoryMatching;
				PRODUCT_NAME = "$(TARGET_NAME)";
				SWIFT_VERSION = 4.2;
				TARGETED_DEVICE_FAMILY = "1,2";
			};
			name = Debug;
		};
		CDBCFFEA2332CED20058F258 /* Release */ = {
			isa = XCBuildConfiguration;
			baseConfigurationReference = 6B08B669A626C1E08DDB7415 /* Pods-MemoryMatching.release.xcconfig */;
			buildSettings = {
				ASSETCATALOG_COMPILER_APPICON_NAME = AppIcon;
				CODE_SIGN_STYLE = Automatic;
				DEVELOPMENT_TEAM = 7937NG5F6A;
				INFOPLIST_FILE = MemoryMatching/Info.plist;
				LD_RUNPATH_SEARCH_PATHS = (
					"$(inherited)",
					"@executable_path/Frameworks",
				);
				PRODUCT_BUNDLE_IDENTIFIER = com.juneha.MemoryMatching;
				PRODUCT_NAME = "$(TARGET_NAME)";
				SWIFT_VERSION = 4.2;
				TARGETED_DEVICE_FAMILY = "1,2";
			};
			name = Release;
		};
		CDBCFFEC2332CED20058F258 /* Debug */ = {
			isa = XCBuildConfiguration;
			baseConfigurationReference = A584FE9A4C7C33815743AF11 /* Pods-MemoryMatchingTests.debug.xcconfig */;
			buildSettings = {
				ALWAYS_EMBED_SWIFT_STANDARD_LIBRARIES = YES;
				BUNDLE_LOADER = "$(TEST_HOST)";
				CODE_SIGN_STYLE = Automatic;
				DEVELOPMENT_TEAM = 7937NG5F6A;
				INFOPLIST_FILE = MemoryMatchingTests/Info.plist;
				LD_RUNPATH_SEARCH_PATHS = (
					"$(inherited)",
					"@executable_path/Frameworks",
					"@loader_path/Frameworks",
				);
				PRODUCT_BUNDLE_IDENTIFIER = com.juneha.MemoryMatchingTests;
				PRODUCT_NAME = "$(TARGET_NAME)";
				SWIFT_VERSION = 4.2;
				TARGETED_DEVICE_FAMILY = "1,2";
				TEST_HOST = "$(BUILT_PRODUCTS_DIR)/MemoryMatching.app/MemoryMatching";
			};
			name = Debug;
		};
		CDBCFFED2332CED20058F258 /* Release */ = {
			isa = XCBuildConfiguration;
			baseConfigurationReference = 86BF7DCC8029956A002EE9E2 /* Pods-MemoryMatchingTests.release.xcconfig */;
			buildSettings = {
				ALWAYS_EMBED_SWIFT_STANDARD_LIBRARIES = YES;
				BUNDLE_LOADER = "$(TEST_HOST)";
				CODE_SIGN_STYLE = Automatic;
				DEVELOPMENT_TEAM = 7937NG5F6A;
				INFOPLIST_FILE = MemoryMatchingTests/Info.plist;
				LD_RUNPATH_SEARCH_PATHS = (
					"$(inherited)",
					"@executable_path/Frameworks",
					"@loader_path/Frameworks",
				);
				PRODUCT_BUNDLE_IDENTIFIER = com.juneha.MemoryMatchingTests;
				PRODUCT_NAME = "$(TARGET_NAME)";
				SWIFT_VERSION = 4.2;
				TARGETED_DEVICE_FAMILY = "1,2";
				TEST_HOST = "$(BUILT_PRODUCTS_DIR)/MemoryMatching.app/MemoryMatching";
			};
			name = Release;
		};
/* End XCBuildConfiguration section */

/* Begin XCConfigurationList section */
		CDBCFFC62332CECE0058F258 /* Build configuration list for PBXProject "MemoryMatching" */ = {
			isa = XCConfigurationList;
			buildConfigurations = (
				CDBCFFE62332CED20058F258 /* Debug */,
				CDBCFFE72332CED20058F258 /* Release */,
			);
			defaultConfigurationIsVisible = 0;
			defaultConfigurationName = Release;
		};
		CDBCFFE82332CED20058F258 /* Build configuration list for PBXNativeTarget "MemoryMatching" */ = {
			isa = XCConfigurationList;
			buildConfigurations = (
				CDBCFFE92332CED20058F258 /* Debug */,
				CDBCFFEA2332CED20058F258 /* Release */,
			);
			defaultConfigurationIsVisible = 0;
			defaultConfigurationName = Release;
		};
		CDBCFFEB2332CED20058F258 /* Build configuration list for PBXNativeTarget "MemoryMatchingTests" */ = {
			isa = XCConfigurationList;
			buildConfigurations = (
				CDBCFFEC2332CED20058F258 /* Debug */,
				CDBCFFED2332CED20058F258 /* Release */,
			);
			defaultConfigurationIsVisible = 0;
			defaultConfigurationName = Release;
		};
/* End XCConfigurationList section */
	};
	rootObject = CDBCFFC32332CECE0058F258 /* Project object */;
}
